# This file is automatically @generated by Poetry 2.2.1 and should not be changed by hand.

[[package]]
name = "click"
version = "8.3.1"
description = "Composable command line interface toolkit"
optional = false
python-versions = ">=3.10"
groups = ["dev"]
files = [
    {file = "click-8.3.1-py3-none-any.whl", hash = "sha256:981153a64e25f12d547d3426c367a4857371575ee7ad18df2a6183ab0545b2a6"},
    {file = "click-8.3.1.tar.gz", hash = "sha256:12ff4785d337a1bb490bb7e9c2b1ee5da3112e94a8622f26a6c77f5d2fc6842a"},
]

[package.dependencies]
colorama = {version = "*", markers = "platform_system == \"Windows\""}

[[package]]
name = "colorama"
version = "0.4.6"
description = "Cross-platform colored terminal text."
optional = false
python-versions = "!=3.0.*,!=3.1.*,!=3.2.*,!=3.3.*,!=3.4.*,!=3.5.*,!=3.6.*,>=2.7"
groups = ["dev"]
markers = "sys_platform == \"win32\" or platform_system == \"Windows\""
files = [
    {file = "colorama-0.4.6-py2.py3-none-any.whl", hash = "sha256:4f1d9991f5acc0ca119f9d443620b77f9d6b33703e51011c16baf57afb285fc6"},
    {file = "colorama-0.4.6.tar.gz", hash = "sha256:08695f5cb7ed6e0531a20572697297273c47b8cae5a63ffc6d6ed5c201be6e44"},
]

[[package]]
name = "deptry"
version = "0.24.0"
description = "A command line utility to check for unused, missing and transitive dependencies in a Python project."
optional = false
python-versions = ">=3.10"
groups = ["dev"]
files = [
    {file = "deptry-0.24.0-cp39-abi3-macosx_10_12_x86_64.whl", hash = "sha256:a575880146bab671a62babb9825b85b4f1bda8aeaade4fcb59f9262caf91d6c7"},
    {file = "deptry-0.24.0-cp39-abi3-macosx_11_0_arm64.whl", hash = "sha256:00ec34b968a13c03a5268ce0211f891ace31851d916415e0a748fae9596c00d5"},
    {file = "deptry-0.24.0-cp39-abi3-manylinux_2_17_aarch64.manylinux2014_aarch64.whl", hash = "sha256:6ddfedafafe5cbfce31a50d4ea99d7b9074edcd08b9b94350dc739e2fb6ed7f9"},
    {file = "deptry-0.24.0-cp39-abi3-manylinux_2_17_x86_64.manylinux2014_x86_64.whl", hash = "sha256:dd22fa2dbbdf4b38061ca9504f2a6ce41ec14fa5c9fe9b0b763ccc1275efebd5"},
    {file = "deptry-0.24.0-cp39-abi3-musllinux_1_1_aarch64.whl", hash = "sha256:0fbe50a2122d79cec53fdfd73a7092c05f316555a1139bcbacf3432572675977"},
    {file = "deptry-0.24.0-cp39-abi3-musllinux_1_1_x86_64.whl", hash = "sha256:92bd8d331a5a6f8e6247436bc6fe384bcf86a8d69fe33442d195996fb9b20547"},
    {file = "deptry-0.24.0-cp39-abi3-win_amd64.whl", hash = "sha256:94b354848130d45e16d3a3039ae8177bce33828f62028c4ff8f2e1b04f7182ba"},
    {file = "deptry-0.24.0-cp39-abi3-win_arm64.whl", hash = "sha256:ea58709e5f3aa77c0737d8fb76166b7703201cf368fbbb14072ccda968b6703a"},
    {file = "deptry-0.24.0-pp311-pypy311_pp73-macosx_10_12_x86_64.whl", hash = "sha256:6ae96785aaee5540c144306506f1480dcfa4d096094e6bd09dc8c9a9bfda1d46"},
    {file = "deptry-0.24.0-pp311-pypy311_pp73-macosx_11_0_arm64.whl", hash = "sha256:4267d74a600ac7fdd05a0d3e219c9386670db0d3bb316ae7b94c9b239d1187cb"},
    {file = "deptry-0.24.0-pp311-pypy311_pp73-manylinux_2_17_aarch64.manylinux2014_aarch64.whl", hash = "sha256:3a047e53b76c36737f8bb392bb326fb66c6af4bedafeaa4ad274c7ed82e91862"},
    {file = "deptry-0.24.0-pp311-pypy311_pp73-manylinux_2_17_x86_64.manylinux2014_x86_64.whl", hash = "sha256:841bf35d62e1facc0c244b9430455705249cc93552ed4964d367befe9be6a313"},
    {file = "deptry-0.24.0-pp311-pypy311_pp73-musllinux_1_1_aarch64.whl", hash = "sha256:5152ffa478e62f9aea9df585ce49d758087fd202f6d92012216aa0ecad22c267"},
    {file = "deptry-0.24.0-pp311-pypy311_pp73-musllinux_1_1_x86_64.whl", hash = "sha256:68d90735042c169e2a12846ac5af9e20d0ad1a5a7a894a9e4eb0bd8f3c655add"},
    {file = "deptry-0.24.0-pp311-pypy311_pp73-win_amd64.whl", hash = "sha256:03d375db3e56821803aeca665dbb4c2fd935024310350cc18e8d8b6421369d2b"},
    {file = "deptry-0.24.0.tar.gz", hash = "sha256:852e88af2087e03cdf9ece6916f3f58b74191ab51cc8074897951bd496ee7dbb"},
]

[package.dependencies]
click = ">=8.0.0,<9"
colorama = {version = ">=0.4.6", markers = "sys_platform == \"win32\""}
packaging = ">=23.2"
requirements-parser = ">=0.11.0,<1"

[[package]]
name = "iniconfig"
version = "2.3.0"
description = "brain-dead simple config-ini parsing"
optional = false
python-versions = ">=3.10"
groups = ["dev"]
files = [
    {file = "iniconfig-2.3.0-py3-none-any.whl", hash = "sha256:f631c04d2c48c52b84d0d0549c99ff3859c98df65b3101406327ecc7d53fbf12"},
    {file = "iniconfig-2.3.0.tar.gz", hash = "sha256:c76315c77db068650d49c5b56314774a7804df16fee4402c1f19d6d15d8c4730"},
]

[[package]]
name = "packaging"
version = "25.0"
description = "Core utilities for Python packages"
optional = false
python-versions = ">=3.8"
groups = ["dev"]
files = [
    {file = "packaging-25.0-py3-none-any.whl", hash = "sha256:29572ef2b1f17581046b3a2227d5c611fb25ec70ca1ba8554b24b0e69331a484"},
    {file = "packaging-25.0.tar.gz", hash = "sha256:d443872c98d677bf60f6a1f2f8c1cb748e8fe762d2bf9d3148b5599295b0fc4f"},
]

[[package]]
name = "pluggy"
version = "1.6.0"
description = "plugin and hook calling mechanisms for python"
optional = false
python-versions = ">=3.9"
groups = ["dev"]
files = [
    {file = "pluggy-1.6.0-py3-none-any.whl", hash = "sha256:e920276dd6813095e9377c0bc5566d94c932c33b27a3e3945d8389c374dd4746"},
    {file = "pluggy-1.6.0.tar.gz", hash = "sha256:7dcc130b76258d33b90f61b658791dede3486c3e6bfb003ee5c9bfb396dd22f3"},
]

[package.extras]
dev = ["pre-commit", "tox"]
testing = ["coverage", "pytest", "pytest-benchmark"]

[[package]]
name = "pygments"
version = "2.19.2"
description = "Pygments is a syntax highlighting package written in Python."
optional = false
python-versions = ">=3.8"
groups = ["dev"]
files = [
    {file = "pygments-2.19.2-py3-none-any.whl", hash = "sha256:86540386c03d588bb81d44bc3928634ff26449851e99741617ecb9037ee5ec0b"},
    {file = "pygments-2.19.2.tar.gz", hash = "sha256:636cb2477cec7f8952536970bc533bc43743542f70392ae026374600add5b887"},
]

[package.extras]
windows-terminal = ["colorama (>=0.4.6)"]

[[package]]
name = "pytest"
version = "9.0.2"
description = "pytest: simple powerful testing with Python"
optional = false
python-versions = ">=3.10"
groups = ["dev"]
files = [
    {file = "pytest-9.0.2-py3-none-any.whl", hash = "sha256:711ffd45bf766d5264d487b917733b453d917afd2b0ad65223959f59089f875b"},
    {file = "pytest-9.0.2.tar.gz", hash = "sha256:75186651a92bd89611d1d9fc20f0b4345fd827c41ccd5c299a868a05d70edf11"},
]

[package.dependencies]
colorama = {version = ">=0.4", markers = "sys_platform == \"win32\""}
iniconfig = ">=1.0.1"
packaging = ">=22"
pluggy = ">=1.5,<2"
pygments = ">=2.7.2"

[package.extras]
dev = ["argcomplete", "attrs (>=19.2)", "hypothesis (>=3.56)", "mock", "requests", "setuptools", "xmlschema"]

[[package]]
name = "requirements-parser"
version = "0.13.0"
description = "This is a small Python module for parsing Pip requirement files."
optional = false
python-versions = "<4.0,>=3.8"
groups = ["dev"]
files = [
    {file = "requirements_parser-0.13.0-py3-none-any.whl", hash = "sha256:2b3173faecf19ec5501971b7222d38f04cb45bb9d87d0ad629ca71e2e62ded14"},
    {file = "requirements_parser-0.13.0.tar.gz", hash = "sha256:0843119ca2cb2331de4eb31b10d70462e39ace698fd660a915c247d2301a4418"},
]

[package.dependencies]
packaging = ">=23.2"

[metadata]
lock-version = "2.1"
python-versions = ">=3.13,<4"
content-hash = "999a870ab9348b26319ca3e41bc53e9870ef7b9357d2391eb707c299e86abe42"
